// !$*UTF8*$!
{
	archiveVersion = 1;
	classes = {
	};
	objectVersion = 55;
	objects = {

/* Begin PBXBuildFile section */
		8428D2CB277A354C004E546A /* politickerApp.swift in Sources */ = {isa = PBXBuildFile; fileRef = 8428D2CA277A354C004E546A /* politickerApp.swift */; };
		8428D2CD277A354C004E546A /* MainView.swift in Sources */ = {isa = PBXBuildFile; fileRef = 8428D2CC277A354C004E546A /* MainView.swift */; };
		8428D2CF277A354D004E546A /* Assets.xcassets in Resources */ = {isa = PBXBuildFile; fileRef = 8428D2CE277A354D004E546A /* Assets.xcassets */; };
		8428D2D2277A354D004E546A /* Preview Assets.xcassets in Resources */ = {isa = PBXBuildFile; fileRef = 8428D2D1277A354D004E546A /* Preview Assets.xcassets */; };
		8428D2DE277A3CD8004E546A /* MatterListViews.swift in Sources */ = {isa = PBXBuildFile; fileRef = 8428D2DD277A3CD8004E546A /* MatterListViews.swift */; };
		8428D2E1277A520F004E546A /* Matter.swift in Sources */ = {isa = PBXBuildFile; fileRef = 8428D2E0277A520F004E546A /* Matter.swift */; };
		8428D2E4277A77E2004E546A /* Apollo in Frameworks */ = {isa = PBXBuildFile; productRef = 8428D2E3277A77E2004E546A /* Apollo */; };
		8428D2E6277A77E2004E546A /* ApolloCodegenLib in Frameworks */ = {isa = PBXBuildFile; productRef = 8428D2E5277A77E2004E546A /* ApolloCodegenLib */; };
		8428D2EC277AB81C004E546A /* GetMatters.graphql in Resources */ = {isa = PBXBuildFile; fileRef = 8428D2EB277AB81C004E546A /* GetMatters.graphql */; };
		8428D2EE277AB85D004E546A /* API.swift in Sources */ = {isa = PBXBuildFile; fileRef = 8428D2ED277AB85D004E546A /* API.swift */; };
		8428D2F0277AB8B1004E546A /* Network.swift in Sources */ = {isa = PBXBuildFile; fileRef = 8428D2EF277AB8B1004E546A /* Network.swift */; };
		8428D2F4277ABBAA004E546A /* BillsViewModel.swift in Sources */ = {isa = PBXBuildFile; fileRef = 8428D2F3277ABBAA004E546A /* BillsViewModel.swift */; };
		84FCF493277F85210024C2C5 /* CreateLike.graphql in Resources */ = {isa = PBXBuildFile; fileRef = 84FCF492277F85210024C2C5 /* CreateLike.graphql */; };
		84FCF495277FB2F00024C2C5 /* DisplayableMatterFragment.graphql in Resources */ = {isa = PBXBuildFile; fileRef = 84FCF494277FB2F00024C2C5 /* DisplayableMatterFragment.graphql */; };
		84FCF4972780FCC70024C2C5 /* MatterStatusView.swift in Sources */ = {isa = PBXBuildFile; fileRef = 84FCF4962780FCC70024C2C5 /* MatterStatusView.swift */; };
/* End PBXBuildFile section */

/* Begin PBXFileReference section */
		8428D2C7277A354C004E546A /* politicker.app */ = {isa = PBXFileReference; explicitFileType = wrapper.application; includeInIndex = 0; path = politicker.app; sourceTree = BUILT_PRODUCTS_DIR; };
		8428D2CA277A354C004E546A /* politickerApp.swift */ = {isa = PBXFileReference; lastKnownFileType = sourcecode.swift; path = politickerApp.swift; sourceTree = "<group>"; };
		8428D2CC277A354C004E546A /* MainView.swift */ = {isa = PBXFileReference; lastKnownFileType = sourcecode.swift; path = MainView.swift; sourceTree = "<group>"; };
		8428D2CE277A354D004E546A /* Assets.xcassets */ = {isa = PBXFileReference; lastKnownFileType = folder.assetcatalog; path = Assets.xcassets; sourceTree = "<group>"; };
		8428D2D1277A354D004E546A /* Preview Assets.xcassets */ = {isa = PBXFileReference; lastKnownFileType = folder.assetcatalog; path = "Preview Assets.xcassets"; sourceTree = "<group>"; };
		8428D2DD277A3CD8004E546A /* MatterListViews.swift */ = {isa = PBXFileReference; lastKnownFileType = sourcecode.swift; path = MatterListViews.swift; sourceTree = "<group>"; };
		8428D2E0277A520F004E546A /* Matter.swift */ = {isa = PBXFileReference; lastKnownFileType = sourcecode.swift; path = Matter.swift; sourceTree = "<group>"; };
		8428D2EB277AB81C004E546A /* GetMatters.graphql */ = {isa = PBXFileReference; lastKnownFileType = text; path = GetMatters.graphql; sourceTree = "<group>"; };
		8428D2ED277AB85D004E546A /* API.swift */ = {isa = PBXFileReference; fileEncoding = 4; lastKnownFileType = sourcecode.swift; path = API.swift; sourceTree = "<group>"; };
		8428D2EF277AB8B1004E546A /* Network.swift */ = {isa = PBXFileReference; lastKnownFileType = sourcecode.swift; path = Network.swift; sourceTree = "<group>"; };
		8428D2F3277ABBAA004E546A /* BillsViewModel.swift */ = {isa = PBXFileReference; lastKnownFileType = sourcecode.swift; path = BillsViewModel.swift; sourceTree = "<group>"; };
		84FCF492277F85210024C2C5 /* CreateLike.graphql */ = {isa = PBXFileReference; lastKnownFileType = text; path = CreateLike.graphql; sourceTree = "<group>"; };
		84FCF494277FB2F00024C2C5 /* DisplayableMatterFragment.graphql */ = {isa = PBXFileReference; lastKnownFileType = text; path = DisplayableMatterFragment.graphql; sourceTree = "<group>"; };
		84FCF4962780FCC70024C2C5 /* MatterStatusView.swift */ = {isa = PBXFileReference; lastKnownFileType = sourcecode.swift; path = MatterStatusView.swift; sourceTree = "<group>"; };
/* End PBXFileReference section */

/* Begin PBXFrameworksBuildPhase section */
		8428D2C4277A354C004E546A /* Frameworks */ = {
			isa = PBXFrameworksBuildPhase;
			buildActionMask = 2147483647;
			files = (
				8428D2E4277A77E2004E546A /* Apollo in Frameworks */,
				8428D2E6277A77E2004E546A /* ApolloCodegenLib in Frameworks */,
			);
			runOnlyForDeploymentPostprocessing = 0;
		};
/* End PBXFrameworksBuildPhase section */

/* Begin PBXGroup section */
		8428D2BE277A354C004E546A = {
			isa = PBXGroup;
			children = (
				8428D2C9277A354C004E546A /* politicker */,
				8428D2C8277A354C004E546A /* Products */,
			);
			sourceTree = "<group>";
		};
		8428D2C8277A354C004E546A /* Products */ = {
			isa = PBXGroup;
			children = (
				8428D2C7277A354C004E546A /* politicker.app */,
			);
			name = Products;
			sourceTree = "<group>";
		};
		8428D2C9277A354C004E546A /* politicker */ = {
			isa = PBXGroup;
			children = (
				8428D2F2277ABB96004E546A /* ViewModels */,
				8428D2ED277AB85D004E546A /* API.swift */,
				8428D2DF277A3F5B004E546A /* Models */,
				8428D2DC277A3647004E546A /* Views */,
				8428D2CA277A354C004E546A /* politickerApp.swift */,
				8428D2EB277AB81C004E546A /* GetMatters.graphql */,
				8428D2CE277A354D004E546A /* Assets.xcassets */,
				8428D2D0277A354D004E546A /* Preview Content */,
				8428D2EF277AB8B1004E546A /* Network.swift */,
				84FCF494277FB2F00024C2C5 /* DisplayableMatterFragment.graphql */,
			);
			path = politicker;
			sourceTree = "<group>";
		};
		8428D2D0277A354D004E546A /* Preview Content */ = {
			isa = PBXGroup;
			children = (
				8428D2D1277A354D004E546A /* Preview Assets.xcassets */,
			);
			path = "Preview Content";
			sourceTree = "<group>";
		};
		8428D2DC277A3647004E546A /* Views */ = {
			isa = PBXGroup;
			children = (
				8428D2CC277A354C004E546A /* MainView.swift */,
				8428D2DD277A3CD8004E546A /* MatterListViews.swift */,
				84FCF492277F85210024C2C5 /* CreateLike.graphql */,
				84FCF4962780FCC70024C2C5 /* MatterStatusView.swift */,
			);
			path = Views;
			sourceTree = "<group>";
		};
		8428D2DF277A3F5B004E546A /* Models */ = {
			isa = PBXGroup;
			children = (
				8428D2E0277A520F004E546A /* Matter.swift */,
			);
			path = Models;
			sourceTree = "<group>";
		};
		8428D2F2277ABB96004E546A /* ViewModels */ = {
			isa = PBXGroup;
			children = (
				8428D2F3277ABBAA004E546A /* BillsViewModel.swift */,
			);
			path = ViewModels;
			sourceTree = "<group>";
		};
/* End PBXGroup section */

/* Begin PBXNativeTarget section */
		8428D2C6277A354C004E546A /* politicker */ = {
			isa = PBXNativeTarget;
			buildConfigurationList = 8428D2D5277A354D004E546A /* Build configuration list for PBXNativeTarget "politicker" */;
			buildPhases = (
				8428D2E7277A78A5004E546A /* Apollo */,
				8428D2C3277A354C004E546A /* Sources */,
				8428D2C4277A354C004E546A /* Frameworks */,
				8428D2C5277A354C004E546A /* Resources */,
			);
			buildRules = (
			);
			dependencies = (
			);
			name = politicker;
			packageProductDependencies = (
				8428D2E3277A77E2004E546A /* Apollo */,
				8428D2E5277A77E2004E546A /* ApolloCodegenLib */,
			);
			productName = politicker;
			productReference = 8428D2C7277A354C004E546A /* politicker.app */;
			productType = "com.apple.product-type.application";
		};
/* End PBXNativeTarget section */

/* Begin PBXProject section */
		8428D2BF277A354C004E546A /* Project object */ = {
			isa = PBXProject;
			attributes = {
				BuildIndependentTargetsInParallel = 1;
				LastSwiftUpdateCheck = 1320;
				LastUpgradeCheck = 1320;
				TargetAttributes = {
					8428D2C6277A354C004E546A = {
						CreatedOnToolsVersion = 13.2.1;
					};
				};
			};
			buildConfigurationList = 8428D2C2277A354C004E546A /* Build configuration list for PBXProject "politicker" */;
			compatibilityVersion = "Xcode 13.0";
			developmentRegion = en;
			hasScannedForEncodings = 0;
			knownRegions = (
				en,
				Base,
			);
			mainGroup = 8428D2BE277A354C004E546A;
			packageReferences = (
				8428D2E2277A77E2004E546A /* XCRemoteSwiftPackageReference "apollo-ios" */,
			);
			productRefGroup = 8428D2C8277A354C004E546A /* Products */;
			projectDirPath = "";
			projectRoot = "";
			targets = (
				8428D2C6277A354C004E546A /* politicker */,
			);
		};
/* End PBXProject section */

/* Begin PBXResourcesBuildPhase section */
		8428D2C5277A354C004E546A /* Resources */ = {
			isa = PBXResourcesBuildPhase;
			buildActionMask = 2147483647;
			files = (
				84FCF493277F85210024C2C5 /* CreateLike.graphql in Resources */,
				8428D2D2277A354D004E546A /* Preview Assets.xcassets in Resources */,
				8428D2EC277AB81C004E546A /* GetMatters.graphql in Resources */,
				84FCF495277FB2F00024C2C5 /* DisplayableMatterFragment.graphql in Resources */,
				8428D2CF277A354D004E546A /* Assets.xcassets in Resources */,
			);
			runOnlyForDeploymentPostprocessing = 0;
		};
/* End PBXResourcesBuildPhase section */

/* Begin PBXShellScriptBuildPhase section */
		8428D2E7277A78A5004E546A /* Apollo */ = {
			isa = PBXShellScriptBuildPhase;
			buildActionMask = 2147483647;
			files = (
			);
			inputFileListPaths = (
			);
			inputPaths = (
			);
			name = Apollo;
			outputFileListPaths = (
			);
			outputPaths = (
			);
			runOnlyForDeploymentPostprocessing = 0;
			shellPath = /bin/sh;
			shellScript = "# Don't run this during index builds\nif [ $ACTION = \"indexbuild\" ]; then exit 0; fi\n\n# Go to the build root and search up the chain to find the Derived Data Path where the source packages are checked out.\nDERIVED_DATA_CANDIDATE=\"${BUILD_ROOT}\"\n\nwhile ! [ -d \"${DERIVED_DATA_CANDIDATE}/SourcePackages\" ]; do\n  if [ \"${DERIVED_DATA_CANDIDATE}\" = / ]; then\n    echo >&2 \"error: Unable to locate SourcePackages directory from BUILD_ROOT: '${BUILD_ROOT}'\"\n    exit 1\n  fi\n\n  DERIVED_DATA_CANDIDATE=\"$(dirname \"${DERIVED_DATA_CANDIDATE}\")\"\ndone\n\n# Grab a reference to the directory where scripts are checked out\nSCRIPT_PATH=\"${DERIVED_DATA_CANDIDATE}/SourcePackages/checkouts/apollo-ios/scripts\"\n\nif [ -z \"${SCRIPT_PATH}\" ]; then\n    echo >&2 \"error: Couldn't find the CLI script in your checked out SPM packages; make sure to add the framework to your project.\"\n    exit 1\nfi\n\ncd \"${SRCROOT}/${TARGET_NAME}\"\n\"${SCRIPT_PATH}\"/run-bundled-codegen.sh codegen:generate --target=swift --includes=./**/*.graphql --localSchemaFile=\"../../politicker-backend/api/graphql/schema.graphql\" API.swift\n\n#\"${SCRIPT_PATH}\"/run-bundled-codegen.sh schema:download --endpoint=\"https://apollo-fullstack-tutorial.herokuapp.com/\"\n\n";
		};
/* End PBXShellScriptBuildPhase section */

/* Begin PBXSourcesBuildPhase section */
		8428D2C3277A354C004E546A /* Sources */ = {
			isa = PBXSourcesBuildPhase;
			buildActionMask = 2147483647;
			files = (
				8428D2E1277A520F004E546A /* Matter.swift in Sources */,
				84FCF4972780FCC70024C2C5 /* MatterStatusView.swift in Sources */,
				8428D2CD277A354C004E546A /* MainView.swift in Sources */,
				8428D2F4277ABBAA004E546A /* BillsViewModel.swift in Sources */,
				8428D2F0277AB8B1004E546A /* Network.swift in Sources */,
				8428D2CB277A354C004E546A /* politickerApp.swift in Sources */,
				8428D2EE277AB85D004E546A /* API.swift in Sources */,
				8428D2DE277A3CD8004E546A /* MatterListViews.swift in Sources */,
			);
			runOnlyForDeploymentPostprocessing = 0;
		};
/* End PBXSourcesBuildPhase section */

/* Begin XCBuildConfiguration section */
		8428D2D3277A354D004E546A /* Debug */ = {
			isa = XCBuildConfiguration;
			buildSettings = {
				ALWAYS_SEARCH_USER_PATHS = NO;
				CLANG_ANALYZER_NONNULL = YES;
				CLANG_ANALYZER_NUMBER_OBJECT_CONVERSION = YES_AGGRESSIVE;
				CLANG_CXX_LANGUAGE_STANDARD = "gnu++17";
				CLANG_CXX_LIBRARY = "libc++";
				CLANG_ENABLE_MODULES = YES;
				CLANG_ENABLE_OBJC_ARC = YES;
				CLANG_ENABLE_OBJC_WEAK = YES;
				CLANG_WARN_BLOCK_CAPTURE_AUTORELEASING = YES;
				CLANG_WARN_BOOL_CONVERSION = YES;
				CLANG_WARN_COMMA = YES;
				CLANG_WARN_CONSTANT_CONVERSION = YES;
				CLANG_WARN_DEPRECATED_OBJC_IMPLEMENTATIONS = YES;
				CLANG_WARN_DIRECT_OBJC_ISA_USAGE = YES_ERROR;
				CLANG_WARN_DOCUMENTATION_COMMENTS = YES;
				CLANG_WARN_EMPTY_BODY = YES;
				CLANG_WARN_ENUM_CONVERSION = YES;
				CLANG_WARN_INFINITE_RECURSION = YES;
				CLANG_WARN_INT_CONVERSION = YES;
				CLANG_WARN_NON_LITERAL_NULL_CONVERSION = YES;
				CLANG_WARN_OBJC_IMPLICIT_RETAIN_SELF = YES;
				CLANG_WARN_OBJC_LITERAL_CONVERSION = YES;
				CLANG_WARN_OBJC_ROOT_CLASS = YES_ERROR;
				CLANG_WARN_QUOTED_INCLUDE_IN_FRAMEWORK_HEADER = YES;
				CLANG_WARN_RANGE_LOOP_ANALYSIS = YES;
				CLANG_WARN_STRICT_PROTOTYPES = YES;
				CLANG_WARN_SUSPICIOUS_MOVE = YES;
				CLANG_WARN_UNGUARDED_AVAILABILITY = YES_AGGRESSIVE;
				CLANG_WARN_UNREACHABLE_CODE = YES;
				CLANG_WARN__DUPLICATE_METHOD_MATCH = YES;
				COPY_PHASE_STRIP = NO;
				DEBUG_INFORMATION_FORMAT = dwarf;
				ENABLE_STRICT_OBJC_MSGSEND = YES;
				ENABLE_TESTABILITY = YES;
				GCC_C_LANGUAGE_STANDARD = gnu11;
				GCC_DYNAMIC_NO_PIC = NO;
				GCC_NO_COMMON_BLOCKS = YES;
				GCC_OPTIMIZATION_LEVEL = 0;
				GCC_PREPROCESSOR_DEFINITIONS = (
					"DEBUG=1",
					"$(inherited)",
				);
				GCC_WARN_64_TO_32_BIT_CONVERSION = YES;
				GCC_WARN_ABOUT_RETURN_TYPE = YES_ERROR;
				GCC_WARN_UNDECLARED_SELECTOR = YES;
				GCC_WARN_UNINITIALIZED_AUTOS = YES_AGGRESSIVE;
				GCC_WARN_UNUSED_FUNCTION = YES;
				GCC_WARN_UNUSED_VARIABLE = YES;
				IPHONEOS_DEPLOYMENT_TARGET = 15.2;
				MTL_ENABLE_DEBUG_INFO = INCLUDE_SOURCE;
				MTL_FAST_MATH = YES;
				ONLY_ACTIVE_ARCH = YES;
				SDKROOT = iphoneos;
				SWIFT_ACTIVE_COMPILATION_CONDITIONS = DEBUG;
				SWIFT_OPTIMIZATION_LEVEL = "-Onone";
			};
			name = Debug;
		};
		8428D2D4277A354D004E546A /* Release */ = {
			isa = XCBuildConfiguration;
			buildSettings = {
				ALWAYS_SEARCH_USER_PATHS = NO;
				CLANG_ANALYZER_NONNULL = YES;
				CLANG_ANALYZER_NUMBER_OBJECT_CONVERSION = YES_AGGRESSIVE;
				CLANG_CXX_LANGUAGE_STANDARD = "gnu++17";
				CLANG_CXX_LIBRARY = "libc++";
				CLANG_ENABLE_MODULES = YES;
				CLANG_ENABLE_OBJC_ARC = YES;
				CLANG_ENABLE_OBJC_WEAK = YES;
				CLANG_WARN_BLOCK_CAPTURE_AUTORELEASING = YES;
				CLANG_WARN_BOOL_CONVERSION = YES;
				CLANG_WARN_COMMA = YES;
				CLANG_WARN_CONSTANT_CONVERSION = YES;
				CLANG_WARN_DEPRECATED_OBJC_IMPLEMENTATIONS = YES;
				CLANG_WARN_DIRECT_OBJC_ISA_USAGE = YES_ERROR;
				CLANG_WARN_DOCUMENTATION_COMMENTS = YES;
				CLANG_WARN_EMPTY_BODY = YES;
				CLANG_WARN_ENUM_CONVERSION = YES;
				CLANG_WARN_INFINITE_RECURSION = YES;
				CLANG_WARN_INT_CONVERSION = YES;
				CLANG_WARN_NON_LITERAL_NULL_CONVERSION = YES;
				CLANG_WARN_OBJC_IMPLICIT_RETAIN_SELF = YES;
				CLANG_WARN_OBJC_LITERAL_CONVERSION = YES;
				CLANG_WARN_OBJC_ROOT_CLASS = YES_ERROR;
				CLANG_WARN_QUOTED_INCLUDE_IN_FRAMEWORK_HEADER = YES;
				CLANG_WARN_RANGE_LOOP_ANALYSIS = YES;
				CLANG_WARN_STRICT_PROTOTYPES = YES;
				CLANG_WARN_SUSPICIOUS_MOVE = YES;
				CLANG_WARN_UNGUARDED_AVAILABILITY = YES_AGGRESSIVE;
				CLANG_WARN_UNREACHABLE_CODE = YES;
				CLANG_WARN__DUPLICATE_METHOD_MATCH = YES;
				COPY_PHASE_STRIP = NO;
				DEBUG_INFORMATION_FORMAT = "dwarf-with-dsym";
				ENABLE_NS_ASSERTIONS = NO;
				ENABLE_STRICT_OBJC_MSGSEND = YES;
				GCC_C_LANGUAGE_STANDARD = gnu11;
				GCC_NO_COMMON_BLOCKS = YES;
				GCC_WARN_64_TO_32_BIT_CONVERSION = YES;
				GCC_WARN_ABOUT_RETURN_TYPE = YES_ERROR;
				GCC_WARN_UNDECLARED_SELECTOR = YES;
				GCC_WARN_UNINITIALIZED_AUTOS = YES_AGGRESSIVE;
				GCC_WARN_UNUSED_FUNCTION = YES;
				GCC_WARN_UNUSED_VARIABLE = YES;
				IPHONEOS_DEPLOYMENT_TARGET = 15.2;
				MTL_ENABLE_DEBUG_INFO = NO;
				MTL_FAST_MATH = YES;
				SDKROOT = iphoneos;
				SWIFT_COMPILATION_MODE = wholemodule;
				SWIFT_OPTIMIZATION_LEVEL = "-O";
				VALIDATE_PRODUCT = YES;
			};
			name = Release;
		};
		8428D2D6277A354D004E546A /* Debug */ = {
			isa = XCBuildConfiguration;
			buildSettings = {
				ASSETCATALOG_COMPILER_APPICON_NAME = AppIcon;
				ASSETCATALOG_COMPILER_GLOBAL_ACCENT_COLOR_NAME = AccentColor;
				CODE_SIGN_STYLE = Automatic;
				CURRENT_PROJECT_VERSION = 1;
				DEVELOPMENT_ASSET_PATHS = "\"politicker/Preview Content\"";
				DEVELOPMENT_TEAM = CHZPTSK255;
				ENABLE_PREVIEWS = YES;
				GENERATE_INFOPLIST_FILE = YES;
				INFOPLIST_KEY_UIApplicationSceneManifest_Generation = YES;
				INFOPLIST_KEY_UIApplicationSupportsIndirectInputEvents = YES;
				INFOPLIST_KEY_UILaunchScreen_Generation = YES;
				INFOPLIST_KEY_UISupportedInterfaceOrientations = UIInterfaceOrientationPortrait;
				INFOPLIST_KEY_UISupportedInterfaceOrientations_iPad = "UIInterfaceOrientationPortrait UIInterfaceOrientationPortraitUpsideDown UIInterfaceOrientationLandscapeLeft UIInterfaceOrientationLandscapeRight";
				INFOPLIST_KEY_UISupportedInterfaceOrientations_iPhone = "UIInterfaceOrientationPortrait UIInterfaceOrientationLandscapeLeft UIInterfaceOrientationLandscapeRight";
				LD_RUNPATH_SEARCH_PATHS = (
					"$(inherited)",
					"@executable_path/Frameworks",
				);
				MARKETING_VERSION = 1.0;
				PRODUCT_BUNDLE_IDENTIFIER = politicker.politicker;
				PRODUCT_NAME = "$(TARGET_NAME)";
				SWIFT_EMIT_LOC_STRINGS = YES;
				SWIFT_VERSION = 5.0;
				TARGETED_DEVICE_FAMILY = 1;
			};
			name = Debug;
		};
		8428D2D7277A354D004E546A /* Release */ = {
			isa = XCBuildConfiguration;
			buildSettings = {
				ASSETCATALOG_COMPILER_APPICON_NAME = AppIcon;
				ASSETCATALOG_COMPILER_GLOBAL_ACCENT_COLOR_NAME = AccentColor;
				CODE_SIGN_STYLE = Automatic;
				CURRENT_PROJECT_VERSION = 1;
				DEVELOPMENT_ASSET_PATHS = "\"politicker/Preview Content\"";
				DEVELOPMENT_TEAM = CHZPTSK255;
				ENABLE_PREVIEWS = YES;
				GENERATE_INFOPLIST_FILE = YES;
				INFOPLIST_KEY_UIApplicationSceneManifest_Generation = YES;
				INFOPLIST_KEY_UIApplicationSupportsIndirectInputEvents = YES;
				INFOPLIST_KEY_UILaunchScreen_Generation = YES;
				INFOPLIST_KEY_UISupportedInterfaceOrientations = UIInterfaceOrientationPortrait;
				INFOPLIST_KEY_UISupportedInterfaceOrientations_iPad = "UIInterfaceOrientationPortrait UIInterfaceOrientationPortraitUpsideDown UIInterfaceOrientationLandscapeLeft UIInterfaceOrientationLandscapeRight";
				INFOPLIST_KEY_UISupportedInterfaceOrientations_iPhone = "UIInterfaceOrientationPortrait UIInterfaceOrientationLandscapeLeft UIInterfaceOrientationLandscapeRight";
				LD_RUNPATH_SEARCH_PATHS = (
					"$(inherited)",
					"@executable_path/Frameworks",
				);
				MARKETING_VERSION = 1.0;
				PRODUCT_BUNDLE_IDENTIFIER = politicker.politicker;
				PRODUCT_NAME = "$(TARGET_NAME)";
				SWIFT_EMIT_LOC_STRINGS = YES;
				SWIFT_VERSION = 5.0;
				TARGETED_DEVICE_FAMILY = 1;
			};
			name = Release;
		};
/* End XCBuildConfiguration section */

/* Begin XCConfigurationList section */
		8428D2C2277A354C004E546A /* Build configuration list for PBXProject "politicker" */ = {
			isa = XCConfigurationList;
			buildConfigurations = (
				8428D2D3277A354D004E546A /* Debug */,
				8428D2D4277A354D004E546A /* Release */,
			);
			defaultConfigurationIsVisible = 0;
			defaultConfigurationName = Release;
		};
		8428D2D5277A354D004E546A /* Build configuration list for PBXNativeTarget "politicker" */ = {
			isa = XCConfigurationList;
			buildConfigurations = (
				8428D2D6277A354D004E546A /* Debug */,
				8428D2D7277A354D004E546A /* Release */,
			);
			defaultConfigurationIsVisible = 0;
			defaultConfigurationName = Release;
		};
/* End XCConfigurationList section */

/* Begin XCRemoteSwiftPackageReference section */
		8428D2E2277A77E2004E546A /* XCRemoteSwiftPackageReference "apollo-ios" */ = {
			isa = XCRemoteSwiftPackageReference;
			repositoryURL = "https://github.com/apollographql/apollo-ios";
			requirement = {
				kind = upToNextMajorVersion;
				minimumVersion = 0.9.5;
			};
		};
/* End XCRemoteSwiftPackageReference section */

/* Begin XCSwiftPackageProductDependency section */
		8428D2E3277A77E2004E546A /* Apollo */ = {
			isa = XCSwiftPackageProductDependency;
			package = 8428D2E2277A77E2004E546A /* XCRemoteSwiftPackageReference "apollo-ios" */;
			productName = Apollo;
		};
		8428D2E5277A77E2004E546A /* ApolloCodegenLib */ = {
			isa = XCSwiftPackageProductDependency;
			package = 8428D2E2277A77E2004E546A /* XCRemoteSwiftPackageReference "apollo-ios" */;
			productName = ApolloCodegenLib;
		};
/* End XCSwiftPackageProductDependency section */
	};
	rootObject = 8428D2BF277A354C004E546A /* Project object */;
}
